# This file is automatically @generated by Cargo.
# It is not intended for manual editing.
version = 3

[[package]]
name = "actson"
version = "0.1.0"
dependencies = [
 "ringbuffer",
]

[[package]]
name = "ringbuffer"
version = "0.14.0"
source = "registry+https://github.com/rust-lang/crates.io-index"
checksum = "2f4d2457fd775198df9ec68fef08ed8038cfb6f532c552d2946036a2432b7b81"
